{
    "version": 3,
    "terraform_version": "0.11.7",
    "serial": 3,
    "lineage": "c7e2f8d1-268a-84f6-910d-b6fdf31e6b68",
    "modules": [
        {
            "path": [
                "root"
            ],
            "outputs": {},
            "resources": {
                "aws_internet_gateway.gw": {
                    "type": "aws_internet_gateway",
                    "depends_on": [
                        "aws_vpc.default"
                    ],
                    "primary": {
                        "id": "igw-29f8b041",
                        "attributes": {
                            "id": "igw-29f8b041",
                            "tags.%": "1",
                            "tags.Name": "VPC IGW",
                            "vpc_id": "vpc-f508759e"
                        },
                        "meta": {},
                        "tainted": false
                    },
                    "deposed": [],
                    "provider": "provider.aws"
                },
                "aws_key_pair.default": {
                    "type": "aws_key_pair",
                    "depends_on": [],
                    "primary": {
                        "id": "mabuaitakeypair",
                        "attributes": {
                            "id": "mabuaitakeypair",
                            "key_name": "mabuaitakeypair",
                            "public_key": "ssh-rsa AAAAB3NzaC1yc2EAAAADAQABAAABAQDd60c0LJNRdUA7ouTg7QaV9W/Y5ToL8MEKHjEWh3D8g0py59MxnsqHWVkWBAfJnb5X/ZHjCtfGhwkj1hKCcpSJoYEfZKSEx9qZ3kNsaGMgQ5imfd/gF4r1BLioyYUFLpZuWFmpwQvWz4eJxTHn15oDQGOMtdVDP0y+1uaAQpHo1SwE837JMkgXz3Z22yrIp2HgYmWL5JbGqnZ0hseYYpHC0wCvLCyNQ2Wis4jFgtF0e7YQCtc91MMAoVUNz91MCfIFBRGSbqvETgTvNx6UapJdNKTXGF4pe2994qwpGiHf7bSljvqaIUKjPzneDDQMULZsZJTrY8iHTDAUv8ZHZnuN mabuaita@Hebas-Air-2"
                        },
                        "meta": {
                            "schema_version": "1"
                        },
                        "tainted": false
                    },
                    "deposed": [],
                    "provider": "provider.aws"
                },
                "aws_route_table.web-public-rt": {
                    "type": "aws_route_table",
                    "depends_on": [
                        "aws_internet_gateway.gw",
                        "aws_vpc.default"
                    ],
                    "primary": {
                        "id": "rtb-dac927b0",
                        "attributes": {
                            "id": "rtb-dac927b0",
                            "propagating_vgws.#": "0",
                            "route.#": "1",
                            "route.4046702427.cidr_block": "0.0.0.0/0",
                            "route.4046702427.egress_only_gateway_id": "",
                            "route.4046702427.gateway_id": "igw-29f8b041",
                            "route.4046702427.instance_id": "",
                            "route.4046702427.ipv6_cidr_block": "",
                            "route.4046702427.nat_gateway_id": "",
                            "route.4046702427.network_interface_id": "",
                            "route.4046702427.vpc_peering_connection_id": "",
                            "tags.%": "1",
                            "tags.Name": "Public Subnet RT",
                            "vpc_id": "vpc-f508759e"
                        },
                        "meta": {},
                        "tainted": false
                    },
                    "deposed": [],
                    "provider": "provider.aws"
                },
                "aws_route_table_association.web-public-rt": {
                    "type": "aws_route_table_association",
                    "depends_on": [
                        "aws_route_table.web-public-rt",
                        "aws_subnet.public-subnet"
                    ],
                    "primary": {
                        "id": "rtbassoc-b04aafdd",
                        "attributes": {
                            "id": "rtbassoc-b04aafdd",
                            "route_table_id": "rtb-dac927b0",
                            "subnet_id": "subnet-a32244de"
                        },
                        "meta": {},
                        "tainted": false
                    },
                    "deposed": [],
                    "provider": "provider.aws"
                },
                "aws_security_group.sgdb": {
                    "type": "aws_security_group",
                    "depends_on": [
                        "aws_vpc.default"
                    ],
                    "primary": {
                        "id": "sg-4e5d6423",
                        "attributes": {
                            "arn": "arn:aws:ec2:eu-central-1:831028923997:security-group/sg-4e5d6423",
                            "description": "Allow traffic from public subnet",
                            "egress.#": "0",
                            "id": "sg-4e5d6423",
                            "ingress.#": "3",
                            "ingress.1511708605.cidr_blocks.#": "1",
                            "ingress.1511708605.cidr_blocks.0": "10.4.0.0/24",
                            "ingress.1511708605.description": "",
                            "ingress.1511708605.from_port": "22",
                            "ingress.1511708605.ipv6_cidr_blocks.#": "0",
                            "ingress.1511708605.protocol": "tcp",
                            "ingress.1511708605.security_groups.#": "0",
                            "ingress.1511708605.self": "false",
                            "ingress.1511708605.to_port": "22",
                            "ingress.1651653029.cidr_blocks.#": "1",
                            "ingress.1651653029.cidr_blocks.0": "10.4.0.0/24",
                            "ingress.1651653029.description": "",
                            "ingress.1651653029.from_port": "-1",
                            "ingress.1651653029.ipv6_cidr_blocks.#": "0",
                            "ingress.1651653029.protocol": "icmp",
                            "ingress.1651653029.security_groups.#": "0",
                            "ingress.1651653029.self": "false",
                            "ingress.1651653029.to_port": "-1",
                            "ingress.3263373811.cidr_blocks.#": "1",
                            "ingress.3263373811.cidr_blocks.0": "10.4.0.0/24",
                            "ingress.3263373811.description": "",
                            "ingress.3263373811.from_port": "3306",
                            "ingress.3263373811.ipv6_cidr_blocks.#": "0",
                            "ingress.3263373811.protocol": "tcp",
                            "ingress.3263373811.security_groups.#": "0",
                            "ingress.3263373811.self": "false",
                            "ingress.3263373811.to_port": "3306",
                            "name": "DB-eu-central-1",
                            "owner_id": "831028923997",
                            "revoke_rules_on_delete": "false",
                            "tags.%": "1",
                            "tags.Name": "DB eu-central-1",
                            "vpc_id": "vpc-f508759e"
                        },
                        "meta": {
                            "e2bfb730-ecaa-11e6-8f88-34363bc7c4c0": {
                                "create": 600000000000,
                                "delete": 600000000000
                            },
                            "schema_version": "1"
                        },
                        "tainted": false
                    },
                    "deposed": [],
                    "provider": "provider.aws"
                },
                "aws_security_group.sgweb": {
                    "type": "aws_security_group",
                    "depends_on": [
                        "aws_vpc.default"
                    ],
                    "primary": {
                        "id": "sg-d55c65b8",
                        "attributes": {
                            "arn": "arn:aws:ec2:eu-central-1:831028923997:security-group/sg-d55c65b8",
                            "description": "Allow incoming HTTP connections \u0026 SSH access",
                            "egress.#": "0",
                            "id": "sg-d55c65b8",
                            "ingress.#": "4",
                            "ingress.1799340084.cidr_blocks.#": "1",
                            "ingress.1799340084.cidr_blocks.0": "0.0.0.0/0",
                            "ingress.1799340084.description": "",
                            "ingress.1799340084.from_port": "-1",
                            "ingress.1799340084.ipv6_cidr_blocks.#": "0",
                            "ingress.1799340084.protocol": "icmp",
                            "ingress.1799340084.security_groups.#": "0",
                            "ingress.1799340084.self": "false",
                            "ingress.1799340084.to_port": "-1",
                            "ingress.2214680975.cidr_blocks.#": "1",
                            "ingress.2214680975.cidr_blocks.0": "0.0.0.0/0",
                            "ingress.2214680975.description": "",
                            "ingress.2214680975.from_port": "80",
                            "ingress.2214680975.ipv6_cidr_blocks.#": "0",
                            "ingress.2214680975.protocol": "tcp",
                            "ingress.2214680975.security_groups.#": "0",
                            "ingress.2214680975.self": "false",
                            "ingress.2214680975.to_port": "80",
                            "ingress.2541437006.cidr_blocks.#": "1",
                            "ingress.2541437006.cidr_blocks.0": "0.0.0.0/0",
                            "ingress.2541437006.description": "",
                            "ingress.2541437006.from_port": "22",
                            "ingress.2541437006.ipv6_cidr_blocks.#": "0",
                            "ingress.2541437006.protocol": "tcp",
                            "ingress.2541437006.security_groups.#": "0",
                            "ingress.2541437006.self": "false",
                            "ingress.2541437006.to_port": "22",
                            "ingress.2617001939.cidr_blocks.#": "1",
                            "ingress.2617001939.cidr_blocks.0": "0.0.0.0/0",
                            "ingress.2617001939.description": "",
                            "ingress.2617001939.from_port": "443",
                            "ingress.2617001939.ipv6_cidr_blocks.#": "0",
                            "ingress.2617001939.protocol": "tcp",
                            "ingress.2617001939.security_groups.#": "0",
                            "ingress.2617001939.self": "false",
                            "ingress.2617001939.to_port": "443",
                            "name": "web-eu-central-1",
                            "owner_id": "831028923997",
                            "revoke_rules_on_delete": "false",
                            "tags.%": "1",
                            "tags.Name": "Web Server eu-central-1",
                            "vpc_id": "vpc-f508759e"
                        },
                        "meta": {
                            "e2bfb730-ecaa-11e6-8f88-34363bc7c4c0": {
                                "create": 600000000000,
                                "delete": 600000000000
                            },
                            "schema_version": "1"
                        },
                        "tainted": false
                    },
                    "deposed": [],
                    "provider": "provider.aws"
                },
                "aws_subnet.private-subnet": {
                    "type": "aws_subnet",
                    "depends_on": [
                        "aws_vpc.default"
                    ],
                    "primary": {
                        "id": "subnet-a82543d5",
                        "attributes": {
                            "assign_ipv6_address_on_creation": "false",
                            "availability_zone": "eu-central-1b",
                            "cidr_block": "10.4.1.0/24",
                            "id": "subnet-a82543d5",
                            "map_public_ip_on_launch": "false",
                            "tags.%": "1",
                            "tags.Name": "Database Private Subnet",
                            "vpc_id": "vpc-f508759e"
                        },
                        "meta": {
                            "schema_version": "1"
                        },
                        "tainted": false
                    },
                    "deposed": [],
                    "provider": "provider.aws"
                },
                "aws_subnet.public-subnet": {
                    "type": "aws_subnet",
                    "depends_on": [
                        "aws_vpc.default"
                    ],
                    "primary": {
                        "id": "subnet-a32244de",
                        "attributes": {
                            "assign_ipv6_address_on_creation": "false",
                            "availability_zone": "eu-central-1b",
                            "cidr_block": "10.4.0.0/24",
                            "id": "subnet-a32244de",
                            "map_public_ip_on_launch": "false",
                            "tags.%": "1",
                            "tags.Name": "Web Public Subnet",
                            "vpc_id": "vpc-f508759e"
                        },
                        "meta": {
                            "schema_version": "1"
                        },
                        "tainted": false
                    },
                    "deposed": [],
                    "provider": "provider.aws"
                },
                "aws_vpc.default": {
                    "type": "aws_vpc",
                    "depends_on": [],
                    "primary": {
                        "id": "vpc-f508759e",
                        "attributes": {
                            "assign_generated_ipv6_cidr_block": "false",
                            "cidr_block": "10.4.0.0/21",
                            "default_network_acl_id": "acl-d6dedcbd",
                            "default_route_table_id": "rtb-e2c72988",
                            "default_security_group_id": "sg-ac5a63c1",
                            "dhcp_options_id": "dopt-79739610",
                            "enable_dns_hostnames": "true",
                            "enable_dns_support": "true",
                            "id": "vpc-f508759e",
                            "instance_tenancy": "default",
                            "main_route_table_id": "rtb-e2c72988",
                            "tags.%": "1",
                            "tags.Name": "eu-central-1-vpc"
                        },
                        "meta": {
                            "schema_version": "1"
                        },
                        "tainted": false
                    },
                    "deposed": [],
                    "provider": "provider.aws"
                }
            },
            "depends_on": []
        }
    ]
}
